
Microsoft Visual Studio Solution File, Format Version 12.00
# Visual Studio Version 17
VisualStudioVersion = 17.8.34408.163
MinimumVisualStudioVersion = 10.0.40219.1
Project("{FAE04EC0-301F-11D3-BF4B-00C04F79EFBC}") = "sav_1", "sav_1\sav_1.csproj", "{7E8E8E15-E0B8-470C-9608-29FC9E3CE6BF}"
EndProject
Global
	GlobalSection(SolutionConfigurationPlatforms) = preSolution
		Debug|Any CPU = Debug|Any CPU
		Release|Any CPU = Release|Any CPU
	EndGlobalSection
	GlobalSection(ProjectConfigurationPlatforms) = postSolution
		{7E8E8E15-E0B8-470C-9608-29FC9E3CE6BF}.Debug|Any CPU.ActiveCfg = Debug|Any CPU
		{7E8E8E15-E0B8-470C-9608-29FC9E3CE6BF}.Debug|Any CPU.Build.0 = Debug|Any CPU
		{7E8E8E15-E0B8-470C-9608-29FC9E3CE6BF}.Release|Any CPU.ActiveCfg = Release|Any CPU
		{7E8E8E15-E0B8-470C-9608-29FC9E3CE6BF}.Release|Any CPU.Build.0 = Release|Any CPU
	EndGlobalSection
	GlobalSection(SolutionProperties) = preSolution
		HideSolutionNode = FALSE
	EndGlobalSection
	GlobalSection(ExtensibilityGlobals) = postSolution
		SolutionGuid = {5B7E0C88-08E7-4805-88F1-69AAD196E052}
	EndGlobalSection
EndGlobal
